
Microsoft Visual Studio Solution File, Format Version 12.00
# Visual Studio Version 17
VisualStudioVersion = 17.0.32014.148
MinimumVisualStudioVersion = 10.0.40219.1
Project("{FAE04EC0-301F-11D3-BF4B-00C04F79EFBC}") = "ZarAtmaOyunu", "ZarAtmaOyunu\ZarAtmaOyunu.csproj", "{AE48F335-84DF-48FF-929A-F606F7A368BE}"
EndProject
Global
	GlobalSection(SolutionConfigurationPlatforms) = preSolution
		Debug|Any CPU = Debug|Any CPU
		Release|Any CPU = Release|Any CPU
	EndGlobalSection
	GlobalSection(ProjectConfigurationPlatforms) = postSolution
		{AE48F335-84DF-48FF-929A-F606F7A368BE}.Debug|Any CPU.ActiveCfg = Debug|Any CPU
		{AE48F335-84DF-48FF-929A-F606F7A368BE}.Debug|Any CPU.Build.0 = Debug|Any CPU
		{AE48F335-84DF-48FF-929A-F606F7A368BE}.Release|Any CPU.ActiveCfg = Release|Any CPU
		{AE48F335-84DF-48FF-929A-F606F7A368BE}.Release|Any CPU.Build.0 = Release|Any CPU
	EndGlobalSection
	GlobalSection(SolutionProperties) = preSolution
		HideSolutionNode = FALSE
	EndGlobalSection
	GlobalSection(ExtensibilityGlobals) = postSolution
		SolutionGuid = {B41C2413-8AEF-45AB-BE85-1A48F046CA66}
	EndGlobalSection
EndGlobal
